// !$*UTF8*$!
{
	archiveVersion = 1;
	classes = {
	};
	objectVersion = 46;
	objects = {

/* Begin PBXBuildFile section */
		4353E57F1F6041BA00C6A0CB /* AppDelegate.swift in Sources */ = {isa = PBXBuildFile; fileRef = 4353E57E1F6041BA00C6A0CB /* AppDelegate.swift */; };
		4353E5811F6041BA00C6A0CB /* ViewController.swift in Sources */ = {isa = PBXBuildFile; fileRef = 4353E5801F6041BA00C6A0CB /* ViewController.swift */; };
		4353E5861F6041BA00C6A0CB /* Assets.xcassets in Resources */ = {isa = PBXBuildFile; fileRef = 4353E5851F6041BA00C6A0CB /* Assets.xcassets */; };
		4353E5891F6041BA00C6A0CB /* LaunchScreen.storyboard in Resources */ = {isa = PBXBuildFile; fileRef = 4353E5871F6041BA00C6A0CB /* LaunchScreen.storyboard */; };
		74077EDF1F604B30006C74A0 /* ParentViewController.swift in Sources */ = {isa = PBXBuildFile; fileRef = 74077EDD1F604B30006C74A0 /* ParentViewController.swift */; };
		74077EE01F604B30006C74A0 /* ParentViewController.xib in Resources */ = {isa = PBXBuildFile; fileRef = 74077EDE1F604B30006C74A0 /* ParentViewController.xib */; };
/* End PBXBuildFile section */

/* Begin PBXFileReference section */
		4353E57B1F6041BA00C6A0CB /* SharedViewTransitionSwift.app */ = {isa = PBXFileReference; explicitFileType = wrapper.application; includeInIndex = 0; path = SharedViewTransitionSwift.app; sourceTree = BUILT_PRODUCTS_DIR; };
		4353E57E1F6041BA00C6A0CB /* AppDelegate.swift */ = {isa = PBXFileReference; lastKnownFileType = sourcecode.swift; path = AppDelegate.swift; sourceTree = "<group>"; };
		4353E5801F6041BA00C6A0CB /* ViewController.swift */ = {isa = PBXFileReference; lastKnownFileType = sourcecode.swift; path = ViewController.swift; sourceTree = "<group>"; };
		4353E5851F6041BA00C6A0CB /* Assets.xcassets */ = {isa = PBXFileReference; lastKnownFileType = folder.assetcatalog; path = Assets.xcassets; sourceTree = "<group>"; };
		4353E5881F6041BA00C6A0CB /* Base */ = {isa = PBXFileReference; lastKnownFileType = file.storyboard; name = Base; path = Base.lproj/LaunchScreen.storyboard; sourceTree = "<group>"; };
		4353E58A1F6041BA00C6A0CB /* Info.plist */ = {isa = PBXFileReference; lastKnownFileType = text.plist.xml; path = Info.plist; sourceTree = "<group>"; };
		74077EDD1F604B30006C74A0 /* ParentViewController.swift */ = {isa = PBXFileReference; fileEncoding = 4; lastKnownFileType = sourcecode.swift; path = ParentViewController.swift; sourceTree = "<group>"; };
		74077EDE1F604B30006C74A0 /* ParentViewController.xib */ = {isa = PBXFileReference; fileEncoding = 4; lastKnownFileType = file.xib; path = ParentViewController.xib; sourceTree = "<group>"; };
/* End PBXFileReference section */

/* Begin PBXFrameworksBuildPhase section */
		4353E5781F6041BA00C6A0CB /* Frameworks */ = {
			isa = PBXFrameworksBuildPhase;
			buildActionMask = 2147483647;
			files = (
			);
			runOnlyForDeploymentPostprocessing = 0;
		};
/* End PBXFrameworksBuildPhase section */

/* Begin PBXGroup section */
		4353E5721F6041BA00C6A0CB = {
			isa = PBXGroup;
			children = (
				4353E57D1F6041BA00C6A0CB /* SharedViewTransitionSwift */,
				4353E57C1F6041BA00C6A0CB /* Products */,
			);
			sourceTree = "<group>";
		};
		4353E57C1F6041BA00C6A0CB /* Products */ = {
			isa = PBXGroup;
			children = (
				4353E57B1F6041BA00C6A0CB /* SharedViewTransitionSwift.app */,
			);
			name = Products;
			sourceTree = "<group>";
		};
		4353E57D1F6041BA00C6A0CB /* SharedViewTransitionSwift */ = {
			isa = PBXGroup;
			children = (
				4353E57E1F6041BA00C6A0CB /* AppDelegate.swift */,
				4353E5801F6041BA00C6A0CB /* ViewController.swift */,
				74077EDD1F604B30006C74A0 /* ParentViewController.swift */,
				74077EDE1F604B30006C74A0 /* ParentViewController.xib */,
				4353E5851F6041BA00C6A0CB /* Assets.xcassets */,
				4353E5871F6041BA00C6A0CB /* LaunchScreen.storyboard */,
				4353E58A1F6041BA00C6A0CB /* Info.plist */,
			);
			path = SharedViewTransitionSwift;
			sourceTree = "<group>";
		};
/* End PBXGroup section */

/* Begin PBXNativeTarget section */
		4353E57A1F6041BA00C6A0CB /* SharedViewTransitionSwift */ = {
			isa = PBXNativeTarget;
			buildConfigurationList = 4353E58D1F6041BA00C6A0CB /* Build configuration list for PBXNativeTarget "SharedViewTransitionSwift" */;
			buildPhases = (
				4353E5771F6041BA00C6A0CB /* Sources */,
				4353E5781F6041BA00C6A0CB /* Frameworks */,
				4353E5791F6041BA00C6A0CB /* Resources */,
			);
			buildRules = (
			);
			dependencies = (
			);
			name = SharedViewTransitionSwift;
			productName = SharedViewTransitionSwift;
			productReference = 4353E57B1F6041BA00C6A0CB /* SharedViewTransitionSwift.app */;
			productType = "com.apple.product-type.application";
		};
/* End PBXNativeTarget section */

/* Begin PBXProject section */
		4353E5731F6041BA00C6A0CB /* Project object */ = {
			isa = PBXProject;
			attributes = {
				LastSwiftUpdateCheck = 0830;
				LastUpgradeCheck = 0830;
				ORGANIZATIONNAME = "Tagliabue, L.";
				TargetAttributes = {
					4353E57A1F6041BA00C6A0CB = {
						CreatedOnToolsVersion = 8.3.3;
						DevelopmentTeam = 4WSLAS3STB;
						ProvisioningStyle = Automatic;
					};
				};
			};
			buildConfigurationList = 4353E5761F6041BA00C6A0CB /* Build configuration list for PBXProject "SharedViewTransitionSwift" */;
			compatibilityVersion = "Xcode 3.2";
			developmentRegion = English;
			hasScannedForEncodings = 0;
			knownRegions = (
				en,
				Base,
			);
			mainGroup = 4353E5721F6041BA00C6A0CB;
			productRefGroup = 4353E57C1F6041BA00C6A0CB /* Products */;
			projectDirPath = "";
			projectRoot = "";
			targets = (
				4353E57A1F6041BA00C6A0CB /* SharedViewTransitionSwift */,
			);
		};
/* End PBXProject section */

/* Begin PBXResourcesBuildPhase section */
		4353E5791F6041BA00C6A0CB /* Resources */ = {
			isa = PBXResourcesBuildPhase;
			buildActionMask = 2147483647;
			files = (
				4353E5891F6041BA00C6A0CB /* LaunchScreen.storyboard in Resources */,
				4353E5861F6041BA00C6A0CB /* Assets.xcassets in Resources */,
				74077EE01F604B30006C74A0 /* ParentViewController.xib in Resources */,
			);
			runOnlyForDeploymentPostprocessing = 0;
		};
/* End PBXResourcesBuildPhase section */

/* Begin PBXSourcesBuildPhase section */
		4353E5771F6041BA00C6A0CB /* Sources */ = {
			isa = PBXSourcesBuildPhase;
			buildActionMask = 2147483647;
			files = (
				4353E5811F6041BA00C6A0CB /* ViewController.swift in Sources */,
				4353E57F1F6041BA00C6A0CB /* AppDelegate.swift in Sources */,
				74077EDF1F604B30006C74A0 /* ParentViewController.swift in Sources */,
			);
			runOnlyForDeploymentPostprocessing = 0;
		};
/* End PBXSourcesBuildPhase section */

/* Begin PBXVariantGroup section */
		4353E5871F6041BA00C6A0CB /* LaunchScreen.storyboard */ = {
			isa = PBXVariantGroup;
			children = (
				4353E5881F6041BA00C6A0CB /* Base */,
			);
			name = LaunchScreen.storyboard;
			sourceTree = "<group>";
		};
/* End PBXVariantGroup section */

/* Begin XCBuildConfiguration section */
		4353E58B1F6041BA00C6A0CB /* Debug */ = {
			isa = XCBuildConfiguration;
			buildSettings = {
				ALWAYS_SEARCH_USER_PATHS = NO;
				CLANG_ANALYZER_NONNULL = YES;
				CLANG_ANALYZER_NUMBER_OBJECT_CONVERSION = YES_AGGRESSIVE;
				CLANG_CXX_LANGUAGE_STANDARD = "gnu++0x";
				CLANG_CXX_LIBRARY = "libc++";
				CLANG_ENABLE_MODULES = YES;
				CLANG_ENABLE_OBJC_ARC = YES;
				CLANG_WARN_BOOL_CONVERSION = YES;
				CLANG_WARN_CONSTANT_CONVERSION = YES;
				CLANG_WARN_DIRECT_OBJC_ISA_USAGE = YES_ERROR;
				CLANG_WARN_DOCUMENTATION_COMMENTS = YES;
				CLANG_WARN_EMPTY_BODY = YES;
				CLANG_WARN_ENUM_CONVERSION = YES;
				CLANG_WARN_INFINITE_RECURSION = YES;
				CLANG_WARN_INT_CONVERSION = YES;
				CLANG_WARN_OBJC_ROOT_CLASS = YES_ERROR;
				CLANG_WARN_SUSPICIOUS_MOVE = YES;
				CLANG_WARN_UNREACHABLE_CODE = YES;
				CLANG_WARN__DUPLICATE_METHOD_MATCH = YES;
				"CODE_SIGN_IDENTITY[sdk=iphoneos*]" = "iPhone Developer";
				COPY_PHASE_STRIP = NO;
				DEBUG_INFORMATION_FORMAT = dwarf;
				ENABLE_STRICT_OBJC_MSGSEND = YES;
				ENABLE_TESTABILITY = YES;
				GCC_C_LANGUAGE_STANDARD = gnu99;
				GCC_DYNAMIC_NO_PIC = NO;
				GCC_NO_COMMON_BLOCKS = YES;
				GCC_OPTIMIZATION_LEVEL = 0;
				GCC_PREPROCESSOR_DEFINITIONS = (
					"DEBUG=1",
					"$(inherited)",
				);
				GCC_WARN_64_TO_32_BIT_CONVERSION = YES;
				GCC_WARN_ABOUT_RETURN_TYPE = YES_ERROR;
				GCC_WARN_UNDECLARED_SELECTOR = YES;
				GCC_WARN_UNINITIALIZED_AUTOS = YES_AGGRESSIVE;
				GCC_WARN_UNUSED_FUNCTION = YES;
				GCC_WARN_UNUSED_VARIABLE = YES;
				IPHONEOS_DEPLOYMENT_TARGET = 10.3;
				MTL_ENABLE_DEBUG_INFO = YES;
				ONLY_ACTIVE_ARCH = YES;
				SDKROOT = iphoneos;
				SWIFT_ACTIVE_COMPILATION_CONDITIONS = DEBUG;
				SWIFT_OPTIMIZATION_LEVEL = "-Onone";
				TARGETED_DEVICE_FAMILY = "1,2";
			};
			name = Debug;
		};
		4353E58C1F6041BA00C6A0CB /* Release */ = {
			isa = XCBuildConfiguration;
			buildSettings = {
				ALWAYS_SEARCH_USER_PATHS = NO;
				CLANG_ANALYZER_NONNULL = YES;
				CLANG_ANALYZER_NUMBER_OBJECT_CONVERSION = YES_AGGRESSIVE;
				CLANG_CXX_LANGUAGE_STANDARD = "gnu++0x";
				CLANG_CXX_LIBRARY = "libc++";
				CLANG_ENABLE_MODULES = YES;
				CLANG_ENABLE_OBJC_ARC = YES;
				CLANG_WARN_BOOL_CONVERSION = YES;
				CLANG_WARN_CONSTANT_CONVERSION = YES;
				CLANG_WARN_DIRECT_OBJC_ISA_USAGE = YES_ERROR;
				CLANG_WARN_DOCUMENTATION_COMMENTS = YES;
				CLANG_WARN_EMPTY_BODY = YES;
				CLANG_WARN_ENUM_CONVERSION = YES;
				CLANG_WARN_INFINITE_RECURSION = YES;
				CLANG_WARN_INT_CONVERSION = YES;
				CLANG_WARN_OBJC_ROOT_CLASS = YES_ERROR;
				CLANG_WARN_SUSPICIOUS_MOVE = YES;
				CLANG_WARN_UNREACHABLE_CODE = YES;
				CLANG_WARN__DUPLICATE_METHOD_MATCH = YES;
				"CODE_SIGN_IDENTITY[sdk=iphoneos*]" = "iPhone Developer";
				COPY_PHASE_STRIP = NO;
				DEBUG_INFORMATION_FORMAT = "dwarf-with-dsym";
				ENABLE_NS_ASSERTIONS = NO;
				ENABLE_STRICT_OBJC_MSGSEND = YES;
				GCC_C_LANGUAGE_STANDARD = gnu99;
				GCC_NO_COMMON_BLOCKS = YES;
				GCC_WARN_64_TO_32_BIT_CONVERSION = YES;
				GCC_WARN_ABOUT_RETURN_TYPE = YES_ERROR;
				GCC_WARN_UNDECLARED_SELECTOR = YES;
				GCC_WARN_UNINITIALIZED_AUTOS = YES_AGGRESSIVE;
				GCC_WARN_UNUSED_FUNCTION = YES;
				GCC_WARN_UNUSED_VARIABLE = YES;
				IPHONEOS_DEPLOYMENT_TARGET = 10.3;
				MTL_ENABLE_DEBUG_INFO = NO;
				SDKROOT = iphoneos;
				SWIFT_OPTIMIZATION_LEVEL = "-Owholemodule";
				TARGETED_DEVICE_FAMILY = "1,2";
				VALIDATE_PRODUCT = YES;
			};
			name = Release;
		};
		4353E58E1F6041BA00C6A0CB /* Debug */ = {
			isa = XCBuildConfiguration;
			buildSettings = {
				ASSETCATALOG_COMPILER_APPICON_NAME = AppIcon;
				DEVELOPMENT_TEAM = 4WSLAS3STB;
				INFOPLIST_FILE = SharedViewTransitionSwift/Info.plist;
				LD_RUNPATH_SEARCH_PATHS = "$(inherited) @executable_path/Frameworks";
				PRODUCT_BUNDLE_IDENTIFIER = com.tagliabue.SharedViewTransitionSwift;
				PRODUCT_NAME = "$(TARGET_NAME)";
				SWIFT_VERSION = 3.0;
			};
			name = Debug;
		};
		4353E58F1F6041BA00C6A0CB /* Release */ = {
			isa = XCBuildConfiguration;
			buildSettings = {
				ASSETCATALOG_COMPILER_APPICON_NAME = AppIcon;
				DEVELOPMENT_TEAM = 4WSLAS3STB;
				INFOPLIST_FILE = SharedViewTransitionSwift/Info.plist;
				LD_RUNPATH_SEARCH_PATHS = "$(inherited) @executable_path/Frameworks";
				PRODUCT_BUNDLE_IDENTIFIER = com.tagliabue.SharedViewTransitionSwift;
				PRODUCT_NAME = "$(TARGET_NAME)";
				SWIFT_VERSION = 3.0;
			};
			name = Release;
		};
/* End XCBuildConfiguration section */

/* Begin XCConfigurationList section */
		4353E5761F6041BA00C6A0CB /* Build configuration list for PBXProject "SharedViewTransitionSwift" */ = {
			isa = XCConfigurationList;
			buildConfigurations = (
				4353E58B1F6041BA00C6A0CB /* Debug */,
				4353E58C1F6041BA00C6A0CB /* Release */,
			);
			defaultConfigurationIsVisible = 0;
			defaultConfigurationName = Release;
		};
		4353E58D1F6041BA00C6A0CB /* Build configuration list for PBXNativeTarget "SharedViewTransitionSwift" */ = {
			isa = XCConfigurationList;
			buildConfigurations = (
				4353E58E1F6041BA00C6A0CB /* Debug */,
				4353E58F1F6041BA00C6A0CB /* Release */,
			);
			defaultConfigurationIsVisible = 0;
			defaultConfigurationName = Release;
		};
/* End XCConfigurationList section */
	};
	rootObject = 4353E5731F6041BA00C6A0CB /* Project object */;
}
